// !$*UTF8*$!
{
	archiveVersion = 1;
	classes = {
	};
	objectVersion = 48;
	objects = {

/* Begin PBXBuildFile section */
		0C49914C1A7278730028ECBB /* MetalViewController.swift in Sources */ = {isa = PBXBuildFile; fileRef = 0C49914A1A7278730028ECBB /* MetalViewController.swift */; };
		0C49914D1A7278730028ECBB /* MySceneViewController.swift in Sources */ = {isa = PBXBuildFile; fileRef = 0C49914B1A7278730028ECBB /* MySceneViewController.swift */; };
		0C729A631F47686E00AE4434 /* Metal.framework in Frameworks */ = {isa = PBXBuildFile; fileRef = 0C729A621F47686E00AE4434 /* Metal.framework */; };
		0C729A651F47687200AE4434 /* MetalKit.framework in Frameworks */ = {isa = PBXBuildFile; fileRef = 0C729A641F47687200AE4434 /* MetalKit.framework */; };
		0C9DA0AD1AD7CD6200126EC2 /* BufferProvider.swift in Sources */ = {isa = PBXBuildFile; fileRef = 0C9DA0AC1AD7CD6200126EC2 /* BufferProvider.swift */; };
		35023C4619DDB96F006F3266 /* AppDelegate.swift in Sources */ = {isa = PBXBuildFile; fileRef = 35023C4519DDB96F006F3266 /* AppDelegate.swift */; };
		35023C4B19DDB970006F3266 /* Main.storyboard in Resources */ = {isa = PBXBuildFile; fileRef = 35023C4919DDB970006F3266 /* Main.storyboard */; };
		35023C4D19DDB970006F3266 /* Images.xcassets in Resources */ = {isa = PBXBuildFile; fileRef = 35023C4C19DDB970006F3266 /* Images.xcassets */; };
		35023C5019DDB970006F3266 /* LaunchScreen.xib in Resources */ = {isa = PBXBuildFile; fileRef = 35023C4E19DDB970006F3266 /* LaunchScreen.xib */; };
		35023C6619DDBB29006F3266 /* Shaders.metal in Sources */ = {isa = PBXBuildFile; fileRef = 35023C6519DDBB29006F3266 /* Shaders.metal */; };
		43166EED1D9E6C690061ECF4 /* float4x4+Extensions.swift in Sources */ = {isa = PBXBuildFile; fileRef = 43166EEC1D9E6C690061ECF4 /* float4x4+Extensions.swift */; };
		43167D7C19F93AA100929F8C /* Vertex.swift in Sources */ = {isa = PBXBuildFile; fileRef = 43167D7B19F93AA100929F8C /* Vertex.swift */; };
		43167D7E19F93B2B00929F8C /* Node.swift in Sources */ = {isa = PBXBuildFile; fileRef = 43167D7D19F93B2B00929F8C /* Node.swift */; };
		780A7EFA1DB96DD700DCDD26 /* cube.png in Resources */ = {isa = PBXBuildFile; fileRef = 78C457CD1DB56BE00018F588 /* cube.png */; };
		780A7EFB1DB96E7C00DCDD26 /* flowyz_nx_00600_0004000_vect.vvt in Resources */ = {isa = PBXBuildFile; fileRef = 78A6FD2D1DB58E0200FA3AC2 /* flowyz_nx_00600_0004000_vect.vvt */; };
		780A7EFC1DB96E8000DCDD26 /* inputVectors.vvt in Resources */ = {isa = PBXBuildFile; fileRef = 786EF0261DAC3A9E006183B2 /* inputVectors.vvt */; };
		785825CE1DB60D6A00DED72F /* IncomingData.swift in Sources */ = {isa = PBXBuildFile; fileRef = 785825CD1DB60D6A00DED72F /* IncomingData.swift */; };
		786EF0271DAC3A9E006183B2 /* inputVectors.vvt in Resources */ = {isa = PBXBuildFile; fileRef = 786EF0261DAC3A9E006183B2 /* inputVectors.vvt */; };
		786EF0291DAC3DCF006183B2 /* Vectors.swift in Sources */ = {isa = PBXBuildFile; fileRef = 786EF0281DAC3DCF006183B2 /* Vectors.swift */; };
		7889D7831DB947C60063CB9E /* Shaders.metal in Sources */ = {isa = PBXBuildFile; fileRef = 35023C6519DDBB29006F3266 /* Shaders.metal */; };
		789B63A51DB83FF5003C1DD7 /* IncomingData.swift in Sources */ = {isa = PBXBuildFile; fileRef = 785825CD1DB60D6A00DED72F /* IncomingData.swift */; };
		78A6FD2E1DB58E0200FA3AC2 /* flowyz_nx_00600_0004000_vect.vvt in Resources */ = {isa = PBXBuildFile; fileRef = 78A6FD2D1DB58E0200FA3AC2 /* flowyz_nx_00600_0004000_vect.vvt */; };
		78B806701DB972450036485D /* Shaders.metal in Resources */ = {isa = PBXBuildFile; fileRef = 35023C6519DDBB29006F3266 /* Shaders.metal */; };
		78C457CC1DB56A940018F588 /* Light.swift in Sources */ = {isa = PBXBuildFile; fileRef = 78C457CB1DB56A940018F588 /* Light.swift */; };
		78C457CE1DB56BE00018F588 /* cube.png in Resources */ = {isa = PBXBuildFile; fileRef = 78C457CD1DB56BE00018F588 /* cube.png */; };
		78C457D11DB57FF80018F588 /* MetalViewController.swift in Sources */ = {isa = PBXBuildFile; fileRef = 78C457D01DB57FF80018F588 /* MetalViewController.swift */; };
		78C457D21DB580350018F588 /* float4x4+Extensions.swift in Sources */ = {isa = PBXBuildFile; fileRef = 43166EEC1D9E6C690061ECF4 /* float4x4+Extensions.swift */; };
		78C457D31DB582820018F588 /* Vectors.swift in Sources */ = {isa = PBXBuildFile; fileRef = 786EF0281DAC3DCF006183B2 /* Vectors.swift */; };
		78C457D41DB583720018F588 /* Node.swift in Sources */ = {isa = PBXBuildFile; fileRef = 43167D7D19F93B2B00929F8C /* Node.swift */; };
		78C457D51DB583770018F588 /* Vertex.swift in Sources */ = {isa = PBXBuildFile; fileRef = 43167D7B19F93AA100929F8C /* Vertex.swift */; };
		78C457D61DB583800018F588 /* BufferProvider.swift in Sources */ = {isa = PBXBuildFile; fileRef = 0C9DA0AC1AD7CD6200126EC2 /* BufferProvider.swift */; };
		78C457D71DB584270018F588 /* Light.swift in Sources */ = {isa = PBXBuildFile; fileRef = 78C457CB1DB56A940018F588 /* Light.swift */; };
		78DC0C801DB130920037067D /* AppDelegate.swift in Sources */ = {isa = PBXBuildFile; fileRef = 78DC0C7F1DB130920037067D /* AppDelegate.swift */; };
		78DC0C821DB130920037067D /* MacSceneViewController.swift in Sources */ = {isa = PBXBuildFile; fileRef = 78DC0C811DB130920037067D /* MacSceneViewController.swift */; };
		78DC0C841DB130920037067D /* Assets.xcassets in Resources */ = {isa = PBXBuildFile; fileRef = 78DC0C831DB130920037067D /* Assets.xcassets */; };
		78DC0C871DB130930037067D /* Main.storyboard in Resources */ = {isa = PBXBuildFile; fileRef = 78DC0C851DB130930037067D /* Main.storyboard */; };
/* End PBXBuildFile section */

/* Begin PBXFileReference section */
		0C49914A1A7278730028ECBB /* MetalViewController.swift */ = {isa = PBXFileReference; fileEncoding = 4; lastKnownFileType = sourcecode.swift; path = MetalViewController.swift; sourceTree = "<group>"; };
		0C49914B1A7278730028ECBB /* MySceneViewController.swift */ = {isa = PBXFileReference; fileEncoding = 4; lastKnownFileType = sourcecode.swift; path = MySceneViewController.swift; sourceTree = "<group>"; };
		0C729A621F47686E00AE4434 /* Metal.framework */ = {isa = PBXFileReference; lastKnownFileType = wrapper.framework; name = Metal.framework; path = Platforms/MacOSX.platform/Developer/SDKs/MacOSX10.13.sdk/System/Library/Frameworks/Metal.framework; sourceTree = DEVELOPER_DIR; };
		0C729A641F47687200AE4434 /* MetalKit.framework */ = {isa = PBXFileReference; lastKnownFileType = wrapper.framework; name = MetalKit.framework; path = Platforms/MacOSX.platform/Developer/SDKs/MacOSX10.13.sdk/System/Library/Frameworks/MetalKit.framework; sourceTree = DEVELOPER_DIR; };
		0C9DA0AC1AD7CD6200126EC2 /* BufferProvider.swift */ = {isa = PBXFileReference; fileEncoding = 4; lastKnownFileType = sourcecode.swift; name = BufferProvider.swift; path = "Metal Common/BufferProvider.swift"; sourceTree = "<group>"; };
		35023C4019DDB96F006F3266 /* TDVectorGrid.app */ = {isa = PBXFileReference; explicitFileType = wrapper.application; includeInIndex = 0; path = TDVectorGrid.app; sourceTree = BUILT_PRODUCTS_DIR; };
		35023C4419DDB96F006F3266 /* Info.plist */ = {isa = PBXFileReference; lastKnownFileType = text.plist.xml; path = Info.plist; sourceTree = "<group>"; };
		35023C4519DDB96F006F3266 /* AppDelegate.swift */ = {isa = PBXFileReference; lastKnownFileType = sourcecode.swift; path = AppDelegate.swift; sourceTree = "<group>"; };
		35023C4A19DDB970006F3266 /* Base */ = {isa = PBXFileReference; lastKnownFileType = file.storyboard; name = Base; path = Base.lproj/Main.storyboard; sourceTree = "<group>"; };
		35023C4C19DDB970006F3266 /* Images.xcassets */ = {isa = PBXFileReference; lastKnownFileType = folder.assetcatalog; path = Images.xcassets; sourceTree = "<group>"; };
		35023C4F19DDB970006F3266 /* Base */ = {isa = PBXFileReference; lastKnownFileType = file.xib; name = Base; path = Base.lproj/LaunchScreen.xib; sourceTree = "<group>"; };
		35023C6519DDBB29006F3266 /* Shaders.metal */ = {isa = PBXFileReference; fileEncoding = 4; lastKnownFileType = sourcecode.metal; name = Shaders.metal; path = "Metal Common/Shaders.metal"; sourceTree = "<group>"; };
		43166EEC1D9E6C690061ECF4 /* float4x4+Extensions.swift */ = {isa = PBXFileReference; fileEncoding = 4; lastKnownFileType = sourcecode.swift; name = "float4x4+Extensions.swift"; path = "Metal Common/float4x4+Extensions.swift"; sourceTree = "<group>"; };
		43167D7B19F93AA100929F8C /* Vertex.swift */ = {isa = PBXFileReference; fileEncoding = 4; lastKnownFileType = sourcecode.swift; name = Vertex.swift; path = "Metal Common/Vertex.swift"; sourceTree = "<group>"; };
		43167D7D19F93B2B00929F8C /* Node.swift */ = {isa = PBXFileReference; fileEncoding = 4; lastKnownFileType = sourcecode.swift; name = Node.swift; path = "Metal Common/Node.swift"; sourceTree = "<group>"; };
		436D0D081B77E29400483748 /* MetalTexture.swift */ = {isa = PBXFileReference; fileEncoding = 4; lastKnownFileType = sourcecode.swift; name = MetalTexture.swift; path = "Metal Common/MetalTexture.swift"; sourceTree = "<group>"; };
		785825CD1DB60D6A00DED72F /* IncomingData.swift */ = {isa = PBXFileReference; fileEncoding = 4; lastKnownFileType = sourcecode.swift; name = IncomingData.swift; path = "Metal Common/IncomingData.swift"; sourceTree = "<group>"; };
		786EF0261DAC3A9E006183B2 /* inputVectors.vvt */ = {isa = PBXFileReference; fileEncoding = 4; lastKnownFileType = text; name = inputVectors.vvt; path = "Incoming Data/inputVectors.vvt"; sourceTree = "<group>"; };
		786EF0281DAC3DCF006183B2 /* Vectors.swift */ = {isa = PBXFileReference; fileEncoding = 4; lastKnownFileType = sourcecode.swift; name = Vectors.swift; path = "Metal Common/Vectors.swift"; sourceTree = "<group>"; };
		7895FE191DC022060094FC38 /* TDVectorGridMac.entitlements */ = {isa = PBXFileReference; lastKnownFileType = text.plist.entitlements; path = TDVectorGridMac.entitlements; sourceTree = "<group>"; };
		78A6FD2D1DB58E0200FA3AC2 /* flowyz_nx_00600_0004000_vect.vvt */ = {isa = PBXFileReference; fileEncoding = 4; lastKnownFileType = text; name = flowyz_nx_00600_0004000_vect.vvt; path = "Incoming Data/flowyz_nx_00600_0004000_vect.vvt"; sourceTree = "<group>"; };
		78C457CB1DB56A940018F588 /* Light.swift */ = {isa = PBXFileReference; fileEncoding = 4; lastKnownFileType = sourcecode.swift; name = Light.swift; path = "Metal Common/Light.swift"; sourceTree = "<group>"; };
		78C457CD1DB56BE00018F588 /* cube.png */ = {isa = PBXFileReference; lastKnownFileType = image.png; name = cube.png; path = "Metal Common/cube.png"; sourceTree = "<group>"; };
		78C457D01DB57FF80018F588 /* MetalViewController.swift */ = {isa = PBXFileReference; fileEncoding = 4; lastKnownFileType = sourcecode.swift; path = MetalViewController.swift; sourceTree = "<group>"; };
		78D0669B1DC00C7400DBB71B /* TDVectorGrid.entitlements */ = {isa = PBXFileReference; lastKnownFileType = text.plist.entitlements; path = TDVectorGrid.entitlements; sourceTree = "<group>"; };
		78DC0C7D1DB130920037067D /* TDVectorGridMac.app */ = {isa = PBXFileReference; explicitFileType = wrapper.application; includeInIndex = 0; path = TDVectorGridMac.app; sourceTree = BUILT_PRODUCTS_DIR; };
		78DC0C7F1DB130920037067D /* AppDelegate.swift */ = {isa = PBXFileReference; lastKnownFileType = sourcecode.swift; path = AppDelegate.swift; sourceTree = "<group>"; };
		78DC0C811DB130920037067D /* MacSceneViewController.swift */ = {isa = PBXFileReference; lastKnownFileType = sourcecode.swift; path = MacSceneViewController.swift; sourceTree = "<group>"; };
		78DC0C831DB130920037067D /* Assets.xcassets */ = {isa = PBXFileReference; lastKnownFileType = folder.assetcatalog; path = Assets.xcassets; sourceTree = "<group>"; };
		78DC0C861DB130930037067D /* Base */ = {isa = PBXFileReference; lastKnownFileType = file.storyboard; name = Base; path = Base.lproj/Main.storyboard; sourceTree = "<group>"; };
		78DC0C881DB130930037067D /* Info.plist */ = {isa = PBXFileReference; lastKnownFileType = text.plist.xml; path = Info.plist; sourceTree = "<group>"; };
/* End PBXFileReference section */

/* Begin PBXFrameworksBuildPhase section */
		35023C3D19DDB96F006F3266 /* Frameworks */ = {
			isa = PBXFrameworksBuildPhase;
			buildActionMask = 2147483647;
			files = (
			);
			runOnlyForDeploymentPostprocessing = 0;
		};
		78DC0C7A1DB130920037067D /* Frameworks */ = {
			isa = PBXFrameworksBuildPhase;
			buildActionMask = 2147483647;
			files = (
				0C729A651F47687200AE4434 /* MetalKit.framework in Frameworks */,
				0C729A631F47686E00AE4434 /* Metal.framework in Frameworks */,
			);
			runOnlyForDeploymentPostprocessing = 0;
		};
/* End PBXFrameworksBuildPhase section */

/* Begin PBXGroup section */
		35023C3719DDB96F006F3266 = {
			isa = PBXGroup;
			children = (
				78DEB3B31DBA7BA10038F995 /* Metal Common */,
				35023C4219DDB96F006F3266 /* TDVectorGrid */,
				78DC0C7E1DB130920037067D /* TDVectorGridMac */,
				35023C4119DDB96F006F3266 /* Products */,
				78B8066B1DB970850036485D /* Frameworks */,
			);
			sourceTree = "<group>";
		};
		35023C4119DDB96F006F3266 /* Products */ = {
			isa = PBXGroup;
			children = (
				35023C4019DDB96F006F3266 /* TDVectorGrid.app */,
				78DC0C7D1DB130920037067D /* TDVectorGridMac.app */,
			);
			name = Products;
			sourceTree = "<group>";
		};
		35023C4219DDB96F006F3266 /* TDVectorGrid */ = {
			isa = PBXGroup;
			children = (
				78D0669B1DC00C7400DBB71B /* TDVectorGrid.entitlements */,
				35023C4519DDB96F006F3266 /* AppDelegate.swift */,
				0C49914B1A7278730028ECBB /* MySceneViewController.swift */,
				35023C4919DDB970006F3266 /* Main.storyboard */,
				0C49914A1A7278730028ECBB /* MetalViewController.swift */,
				35023C4C19DDB970006F3266 /* Images.xcassets */,
				35023C4E19DDB970006F3266 /* LaunchScreen.xib */,
				35023C4319DDB96F006F3266 /* Supporting Files */,
			);
			path = TDVectorGrid;
			sourceTree = "<group>";
		};
		35023C4319DDB96F006F3266 /* Supporting Files */ = {
			isa = PBXGroup;
			children = (
				35023C4419DDB96F006F3266 /* Info.plist */,
			);
			name = "Supporting Files";
			sourceTree = "<group>";
		};
		78B8066B1DB970850036485D /* Frameworks */ = {
			isa = PBXGroup;
			children = (
				0C729A641F47687200AE4434 /* MetalKit.framework */,
				0C729A621F47686E00AE4434 /* Metal.framework */,
			);
			name = Frameworks;
			sourceTree = "<group>";
		};
		78DC0C7E1DB130920037067D /* TDVectorGridMac */ = {
			isa = PBXGroup;
			children = (
				7895FE191DC022060094FC38 /* TDVectorGridMac.entitlements */,
				78DC0C7F1DB130920037067D /* AppDelegate.swift */,
				78DC0C811DB130920037067D /* MacSceneViewController.swift */,
				78C457D01DB57FF80018F588 /* MetalViewController.swift */,
				78DC0C831DB130920037067D /* Assets.xcassets */,
				78DC0C851DB130930037067D /* Main.storyboard */,
				78DC0C881DB130930037067D /* Info.plist */,
			);
			path = TDVectorGridMac;
			sourceTree = "<group>";
		};
		78DEB3B31DBA7BA10038F995 /* Metal Common */ = {
			isa = PBXGroup;
			children = (
				78DEB3B41DBA7BEC0038F995 /* Incoming Data */,
				785825CD1DB60D6A00DED72F /* IncomingData.swift */,
				35023C6519DDBB29006F3266 /* Shaders.metal */,
				786EF0281DAC3DCF006183B2 /* Vectors.swift */,
				43167D7D19F93B2B00929F8C /* Node.swift */,
				43167D7B19F93AA100929F8C /* Vertex.swift */,
				43166EEC1D9E6C690061ECF4 /* float4x4+Extensions.swift */,
				78C457CB1DB56A940018F588 /* Light.swift */,
				0C9DA0AC1AD7CD6200126EC2 /* BufferProvider.swift */,
				78C457CD1DB56BE00018F588 /* cube.png */,
				436D0D081B77E29400483748 /* MetalTexture.swift */,
			);
			name = "Metal Common";
			sourceTree = "<group>";
		};
		78DEB3B41DBA7BEC0038F995 /* Incoming Data */ = {
			isa = PBXGroup;
			children = (
				78A6FD2D1DB58E0200FA3AC2 /* flowyz_nx_00600_0004000_vect.vvt */,
				786EF0261DAC3A9E006183B2 /* inputVectors.vvt */,
			);
			name = "Incoming Data";
			sourceTree = "<group>";
		};
/* End PBXGroup section */

/* Begin PBXNativeTarget section */
		35023C3F19DDB96F006F3266 /* TDVectorGrid */ = {
			isa = PBXNativeTarget;
			buildConfigurationList = 35023C5F19DDB970006F3266 /* Build configuration list for PBXNativeTarget "TDVectorGrid" */;
			buildPhases = (
				35023C3C19DDB96F006F3266 /* Sources */,
				35023C3D19DDB96F006F3266 /* Frameworks */,
				35023C3E19DDB96F006F3266 /* Resources */,
			);
			buildRules = (
			);
			dependencies = (
			);
			name = TDVectorGrid;
			productName = HelloMetal;
			productReference = 35023C4019DDB96F006F3266 /* TDVectorGrid.app */;
			productType = "com.apple.product-type.application";
		};
		78DC0C7C1DB130920037067D /* TDVectorGridMac */ = {
			isa = PBXNativeTarget;
			buildConfigurationList = 78DC0C8B1DB130930037067D /* Build configuration list for PBXNativeTarget "TDVectorGridMac" */;
			buildPhases = (
				78DC0C791DB130920037067D /* Sources */,
				78DC0C7A1DB130920037067D /* Frameworks */,
				78DC0C7B1DB130920037067D /* Resources */,
			);
			buildRules = (
			);
			dependencies = (
			);
			name = TDVectorGridMac;
			productName = HelloMetalMac;
			productReference = 78DC0C7D1DB130920037067D /* TDVectorGridMac.app */;
			productType = "com.apple.product-type.application";
		};
/* End PBXNativeTarget section */

/* Begin PBXProject section */
		35023C3819DDB96F006F3266 /* Project object */ = {
			isa = PBXProject;
			attributes = {
				LastSwiftMigration = 0700;
				LastSwiftUpdateCheck = 0800;
				LastUpgradeCheck = 0900;
				ORGANIZATIONNAME = "Turbulent Dynamics";
				TargetAttributes = {
					35023C3F19DDB96F006F3266 = {
						LastSwiftMigration = 0900;
						SystemCapabilities = {
							com.apple.iCloud = {
								enabled = 1;
							};
						};
					};
					78DC0C7C1DB130920037067D = {
						CreatedOnToolsVersion = 8.0;
						LastSwiftMigration = 0900;
						ProvisioningStyle = Automatic;
						SystemCapabilities = {
							com.apple.Sandbox = {
								enabled = 1;
							};
							com.apple.iCloud = {
								enabled = 0;
							};
						};
					};
				};
			};
			buildConfigurationList = 35023C3B19DDB96F006F3266 /* Build configuration list for PBXProject "TDVectorGrid" */;
			compatibilityVersion = "Xcode 8.0";
			developmentRegion = English;
			hasScannedForEncodings = 0;
			knownRegions = (
				en,
				Base,
			);
			mainGroup = 35023C3719DDB96F006F3266;
			productRefGroup = 35023C4119DDB96F006F3266 /* Products */;
			projectDirPath = "";
			projectRoot = "";
			targets = (
				35023C3F19DDB96F006F3266 /* TDVectorGrid */,
				78DC0C7C1DB130920037067D /* TDVectorGridMac */,
			);
		};
/* End PBXProject section */

/* Begin PBXResourcesBuildPhase section */
		35023C3E19DDB96F006F3266 /* Resources */ = {
			isa = PBXResourcesBuildPhase;
			buildActionMask = 2147483647;
			files = (
				78A6FD2E1DB58E0200FA3AC2 /* flowyz_nx_00600_0004000_vect.vvt in Resources */,
				786EF0271DAC3A9E006183B2 /* inputVectors.vvt in Resources */,
				78C457CE1DB56BE00018F588 /* cube.png in Resources */,
				35023C4B19DDB970006F3266 /* Main.storyboard in Resources */,
				35023C5019DDB970006F3266 /* LaunchScreen.xib in Resources */,
				35023C4D19DDB970006F3266 /* Images.xcassets in Resources */,
			);
			runOnlyForDeploymentPostprocessing = 0;
		};
		78DC0C7B1DB130920037067D /* Resources */ = {
			isa = PBXResourcesBuildPhase;
			buildActionMask = 2147483647;
			files = (
				78B806701DB972450036485D /* Shaders.metal in Resources */,
				78DC0C841DB130920037067D /* Assets.xcassets in Resources */,
				78DC0C871DB130930037067D /* Main.storyboard in Resources */,
				780A7EFC1DB96E8000DCDD26 /* inputVectors.vvt in Resources */,
				780A7EFB1DB96E7C00DCDD26 /* flowyz_nx_00600_0004000_vect.vvt in Resources */,
				780A7EFA1DB96DD700DCDD26 /* cube.png in Resources */,
			);
			runOnlyForDeploymentPostprocessing = 0;
		};
/* End PBXResourcesBuildPhase section */

/* Begin PBXSourcesBuildPhase section */
		35023C3C19DDB96F006F3266 /* Sources */ = {
			isa = PBXSourcesBuildPhase;
			buildActionMask = 2147483647;
			files = (
				35023C6619DDBB29006F3266 /* Shaders.metal in Sources */,
				0C9DA0AD1AD7CD6200126EC2 /* BufferProvider.swift in Sources */,
				43166EED1D9E6C690061ECF4 /* float4x4+Extensions.swift in Sources */,
				78C457CC1DB56A940018F588 /* Light.swift in Sources */,
				43167D7E19F93B2B00929F8C /* Node.swift in Sources */,
				0C49914D1A7278730028ECBB /* MySceneViewController.swift in Sources */,
				43167D7C19F93AA100929F8C /* Vertex.swift in Sources */,
				0C49914C1A7278730028ECBB /* MetalViewController.swift in Sources */,
				786EF0291DAC3DCF006183B2 /* Vectors.swift in Sources */,
				35023C4619DDB96F006F3266 /* AppDelegate.swift in Sources */,
				785825CE1DB60D6A00DED72F /* IncomingData.swift in Sources */,
			);
			runOnlyForDeploymentPostprocessing = 0;
		};
		78DC0C791DB130920037067D /* Sources */ = {
			isa = PBXSourcesBuildPhase;
			buildActionMask = 2147483647;
			files = (
				78C457D71DB584270018F588 /* Light.swift in Sources */,
				78DC0C821DB130920037067D /* MacSceneViewController.swift in Sources */,
				78C457D21DB580350018F588 /* float4x4+Extensions.swift in Sources */,
				78DC0C801DB130920037067D /* AppDelegate.swift in Sources */,
				78C457D41DB583720018F588 /* Node.swift in Sources */,
				78C457D61DB583800018F588 /* BufferProvider.swift in Sources */,
				78C457D31DB582820018F588 /* Vectors.swift in Sources */,
				78C457D51DB583770018F588 /* Vertex.swift in Sources */,
				7889D7831DB947C60063CB9E /* Shaders.metal in Sources */,
				78C457D11DB57FF80018F588 /* MetalViewController.swift in Sources */,
				789B63A51DB83FF5003C1DD7 /* IncomingData.swift in Sources */,
			);
			runOnlyForDeploymentPostprocessing = 0;
		};
/* End PBXSourcesBuildPhase section */

/* Begin PBXVariantGroup section */
		35023C4919DDB970006F3266 /* Main.storyboard */ = {
			isa = PBXVariantGroup;
			children = (
				35023C4A19DDB970006F3266 /* Base */,
			);
			name = Main.storyboard;
			sourceTree = "<group>";
		};
		35023C4E19DDB970006F3266 /* LaunchScreen.xib */ = {
			isa = PBXVariantGroup;
			children = (
				35023C4F19DDB970006F3266 /* Base */,
			);
			name = LaunchScreen.xib;
			sourceTree = "<group>";
		};
		78DC0C851DB130930037067D /* Main.storyboard */ = {
			isa = PBXVariantGroup;
			children = (
				78DC0C861DB130930037067D /* Base */,
			);
			name = Main.storyboard;
			sourceTree = "<group>";
		};
/* End PBXVariantGroup section */

/* Begin XCBuildConfiguration section */
		35023C5D19DDB970006F3266 /* Debug */ = {
			isa = XCBuildConfiguration;
			buildSettings = {
				ALWAYS_SEARCH_USER_PATHS = NO;
				CLANG_CXX_LANGUAGE_STANDARD = "gnu++0x";
				CLANG_CXX_LIBRARY = "libc++";
				CLANG_ENABLE_MODULES = YES;
				CLANG_ENABLE_OBJC_ARC = YES;
				CLANG_WARN_BLOCK_CAPTURE_AUTORELEASING = YES;
				CLANG_WARN_BOOL_CONVERSION = YES;
				CLANG_WARN_COMMA = YES;
				CLANG_WARN_CONSTANT_CONVERSION = YES;
				CLANG_WARN_DIRECT_OBJC_ISA_USAGE = YES_ERROR;
				CLANG_WARN_EMPTY_BODY = YES;
				CLANG_WARN_ENUM_CONVERSION = YES;
				CLANG_WARN_INFINITE_RECURSION = YES;
				CLANG_WARN_INT_CONVERSION = YES;
				CLANG_WARN_NON_LITERAL_NULL_CONVERSION = YES;
				CLANG_WARN_OBJC_LITERAL_CONVERSION = YES;
				CLANG_WARN_OBJC_ROOT_CLASS = YES_ERROR;
				CLANG_WARN_RANGE_LOOP_ANALYSIS = YES;
				CLANG_WARN_STRICT_PROTOTYPES = YES;
				CLANG_WARN_SUSPICIOUS_MOVE = YES;
				CLANG_WARN_UNREACHABLE_CODE = YES;
				CLANG_WARN__DUPLICATE_METHOD_MATCH = YES;
				"CODE_SIGN_IDENTITY[sdk=iphoneos*]" = "iPhone Developer";
				COPY_PHASE_STRIP = NO;
				ENABLE_STRICT_OBJC_MSGSEND = YES;
				ENABLE_TESTABILITY = YES;
				GCC_C_LANGUAGE_STANDARD = gnu99;
				GCC_DYNAMIC_NO_PIC = NO;
				GCC_NO_COMMON_BLOCKS = YES;
				GCC_OPTIMIZATION_LEVEL = 0;
				GCC_PREPROCESSOR_DEFINITIONS = (
					"DEBUG=1",
					"$(inherited)",
				);
				GCC_SYMBOLS_PRIVATE_EXTERN = NO;
				GCC_WARN_64_TO_32_BIT_CONVERSION = YES;
				GCC_WARN_ABOUT_RETURN_TYPE = YES_ERROR;
				GCC_WARN_UNDECLARED_SELECTOR = YES;
				GCC_WARN_UNINITIALIZED_AUTOS = YES_AGGRESSIVE;
				GCC_WARN_UNUSED_FUNCTION = YES;
				GCC_WARN_UNUSED_VARIABLE = YES;
				IPHONEOS_DEPLOYMENT_TARGET = 10.3;
				MACOSX_DEPLOYMENT_TARGET = 10.12;
				MTL_ENABLE_DEBUG_INFO = YES;
				ONLY_ACTIVE_ARCH = YES;
				SDKROOT = iphoneos;
				SWIFT_OPTIMIZATION_LEVEL = "-Onone";
				SWIFT_SWIFT3_OBJC_INFERENCE = Off;
				TARGETED_DEVICE_FAMILY = "1,2";
			};
			name = Debug;
		};
		35023C5E19DDB970006F3266 /* Release */ = {
			isa = XCBuildConfiguration;
			buildSettings = {
				ALWAYS_SEARCH_USER_PATHS = NO;
				CLANG_CXX_LANGUAGE_STANDARD = "gnu++0x";
				CLANG_CXX_LIBRARY = "libc++";
				CLANG_ENABLE_MODULES = YES;
				CLANG_ENABLE_OBJC_ARC = YES;
				CLANG_WARN_BLOCK_CAPTURE_AUTORELEASING = YES;
				CLANG_WARN_BOOL_CONVERSION = YES;
				CLANG_WARN_COMMA = YES;
				CLANG_WARN_CONSTANT_CONVERSION = YES;
				CLANG_WARN_DIRECT_OBJC_ISA_USAGE = YES_ERROR;
				CLANG_WARN_EMPTY_BODY = YES;
				CLANG_WARN_ENUM_CONVERSION = YES;
				CLANG_WARN_INFINITE_RECURSION = YES;
				CLANG_WARN_INT_CONVERSION = YES;
				CLANG_WARN_NON_LITERAL_NULL_CONVERSION = YES;
				CLANG_WARN_OBJC_LITERAL_CONVERSION = YES;
				CLANG_WARN_OBJC_ROOT_CLASS = YES_ERROR;
				CLANG_WARN_RANGE_LOOP_ANALYSIS = YES;
				CLANG_WARN_STRICT_PROTOTYPES = YES;
				CLANG_WARN_SUSPICIOUS_MOVE = YES;
				CLANG_WARN_UNREACHABLE_CODE = YES;
				CLANG_WARN__DUPLICATE_METHOD_MATCH = YES;
				"CODE_SIGN_IDENTITY[sdk=iphoneos*]" = "iPhone Developer";
				COPY_PHASE_STRIP = YES;
				ENABLE_NS_ASSERTIONS = NO;
				ENABLE_STRICT_OBJC_MSGSEND = YES;
				GCC_C_LANGUAGE_STANDARD = gnu99;
				GCC_NO_COMMON_BLOCKS = YES;
				GCC_WARN_64_TO_32_BIT_CONVERSION = YES;
				GCC_WARN_ABOUT_RETURN_TYPE = YES_ERROR;
				GCC_WARN_UNDECLARED_SELECTOR = YES;
				GCC_WARN_UNINITIALIZED_AUTOS = YES_AGGRESSIVE;
				GCC_WARN_UNUSED_FUNCTION = YES;
				GCC_WARN_UNUSED_VARIABLE = YES;
				IPHONEOS_DEPLOYMENT_TARGET = 10.3;
				MACOSX_DEPLOYMENT_TARGET = 10.12;
				MTL_ENABLE_DEBUG_INFO = NO;
				SDKROOT = iphoneos;
				SWIFT_SWIFT3_OBJC_INFERENCE = Off;
				TARGETED_DEVICE_FAMILY = "1,2";
				VALIDATE_PRODUCT = YES;
			};
			name = Release;
		};
		35023C6019DDB970006F3266 /* Debug */ = {
			isa = XCBuildConfiguration;
			buildSettings = {
				ASSETCATALOG_COMPILER_APPICON_NAME = AppIcon;
				CLANG_ENABLE_MODULES = YES;
				CODE_SIGN_ENTITLEMENTS = TDVectorGrid/TDVectorGrid.entitlements;
				DEVELOPMENT_TEAM = D77CH63CLG;
				INFOPLIST_FILE = TDVectorGrid/Info.plist;
				IPHONEOS_DEPLOYMENT_TARGET = 10.3;
				LD_RUNPATH_SEARCH_PATHS = "$(inherited) @executable_path/Frameworks";
				PRODUCT_BUNDLE_IDENTIFIER = com.turbulentdynamics.vectorgrid;
				PRODUCT_NAME = "$(TARGET_NAME)";
				SWIFT_OBJC_BRIDGING_HEADER = "";
				SWIFT_OPTIMIZATION_LEVEL = "-Onone";
				SWIFT_SWIFT3_OBJC_INFERENCE = Off;
				SWIFT_VERSION = 4.0;
			};
			name = Debug;
		};
		35023C6119DDB970006F3266 /* Release */ = {
			isa = XCBuildConfiguration;
			buildSettings = {
				ASSETCATALOG_COMPILER_APPICON_NAME = AppIcon;
				CLANG_ENABLE_MODULES = YES;
				CODE_SIGN_ENTITLEMENTS = TDVectorGrid/TDVectorGrid.entitlements;
				DEVELOPMENT_TEAM = D77CH63CLG;
				INFOPLIST_FILE = TDVectorGrid/Info.plist;
				IPHONEOS_DEPLOYMENT_TARGET = 10.3;
				LD_RUNPATH_SEARCH_PATHS = "$(inherited) @executable_path/Frameworks";
				PRODUCT_BUNDLE_IDENTIFIER = com.turbulentdynamics.vectorgrid;
				PRODUCT_NAME = "$(TARGET_NAME)";
				SWIFT_OBJC_BRIDGING_HEADER = "";
				SWIFT_OPTIMIZATION_LEVEL = "-Owholemodule";
				SWIFT_SWIFT3_OBJC_INFERENCE = Off;
				SWIFT_VERSION = 4.0;
			};
			name = Release;
		};
		78DC0C891DB130930037067D /* Debug */ = {
			isa = XCBuildConfiguration;
			buildSettings = {
				ASSETCATALOG_COMPILER_APPICON_NAME = AppIcon;
				CLANG_ANALYZER_NONNULL = YES;
				CLANG_WARN_DOCUMENTATION_COMMENTS = YES;
				CLANG_WARN_INFINITE_RECURSION = YES;
				CLANG_WARN_SUSPICIOUS_MOVES = YES;
				CODE_SIGN_ENTITLEMENTS = TDVectorGridMac/TDVectorGridMac.entitlements;
				CODE_SIGN_IDENTITY = "Mac Developer";
				CODE_SIGN_STYLE = Automatic;
				COMBINE_HIDPI_IMAGES = YES;
				DEBUG_INFORMATION_FORMAT = dwarf;
				DEVELOPMENT_TEAM = D77CH63CLG;
				INFOPLIST_FILE = "$(SRCROOT)/TDVectorGrid/Info.plist";
				LD_RUNPATH_SEARCH_PATHS = "$(inherited) @executable_path/../Frameworks";
				MACOSX_DEPLOYMENT_TARGET = 10.12;
				PRODUCT_BUNDLE_IDENTIFIER = com.turbulentdynamics.vectorgrid;
				PRODUCT_NAME = "$(TARGET_NAME)";
				PROVISIONING_PROFILE_SPECIFIER = "";
				SDKROOT = macosx;
				SWIFT_ACTIVE_COMPILATION_CONDITIONS = DEBUG;
				SWIFT_SWIFT3_OBJC_INFERENCE = Off;
				SWIFT_VERSION = 4.0;
			};
			name = Debug;
		};
		78DC0C8A1DB130930037067D /* Release */ = {
			isa = XCBuildConfiguration;
			buildSettings = {
				ASSETCATALOG_COMPILER_APPICON_NAME = AppIcon;
				CLANG_ANALYZER_NONNULL = YES;
				CLANG_WARN_DOCUMENTATION_COMMENTS = YES;
				CLANG_WARN_INFINITE_RECURSION = YES;
				CLANG_WARN_SUSPICIOUS_MOVES = YES;
				CODE_SIGN_ENTITLEMENTS = TDVectorGridMac/TDVectorGridMac.entitlements;
				CODE_SIGN_IDENTITY = "Mac Developer";
				CODE_SIGN_STYLE = Automatic;
				COMBINE_HIDPI_IMAGES = YES;
				COPY_PHASE_STRIP = NO;
				DEBUG_INFORMATION_FORMAT = "dwarf-with-dsym";
				DEVELOPMENT_TEAM = D77CH63CLG;
				INFOPLIST_FILE = "$(SRCROOT)/TDVectorGrid/Info.plist";
				LD_RUNPATH_SEARCH_PATHS = "$(inherited) @executable_path/../Frameworks";
				MACOSX_DEPLOYMENT_TARGET = 10.12;
				PRODUCT_BUNDLE_IDENTIFIER = com.turbulentdynamics.vectorgrid;
				PRODUCT_NAME = "$(TARGET_NAME)";
				PROVISIONING_PROFILE_SPECIFIER = "";
				SDKROOT = macosx;
				SWIFT_OPTIMIZATION_LEVEL = "-Owholemodule";
				SWIFT_SWIFT3_OBJC_INFERENCE = Off;
				SWIFT_VERSION = 4.0;
			};
			name = Release;
		};
/* End XCBuildConfiguration section */

/* Begin XCConfigurationList section */
		35023C3B19DDB96F006F3266 /* Build configuration list for PBXProject "TDVectorGrid" */ = {
			isa = XCConfigurationList;
			buildConfigurations = (
				35023C5D19DDB970006F3266 /* Debug */,
				35023C5E19DDB970006F3266 /* Release */,
			);
			defaultConfigurationIsVisible = 0;
			defaultConfigurationName = Release;
		};
		35023C5F19DDB970006F3266 /* Build configuration list for PBXNativeTarget "TDVectorGrid" */ = {
			isa = XCConfigurationList;
			buildConfigurations = (
				35023C6019DDB970006F3266 /* Debug */,
				35023C6119DDB970006F3266 /* Release */,
			);
			defaultConfigurationIsVisible = 0;
			defaultConfigurationName = Release;
		};
		78DC0C8B1DB130930037067D /* Build configuration list for PBXNativeTarget "TDVectorGridMac" */ = {
			isa = XCConfigurationList;
			buildConfigurations = (
				78DC0C891DB130930037067D /* Debug */,
				78DC0C8A1DB130930037067D /* Release */,
			);
			defaultConfigurationIsVisible = 0;
			defaultConfigurationName = Release;
		};
/* End XCConfigurationList section */
	};
	rootObject = 35023C3819DDB96F006F3266 /* Project object */;
}
